
Microsoft Visual Studio Solution File, Format Version 12.00
# Visual Studio 15
VisualStudioVersion = 15.0.27428.2015
MinimumVisualStudioVersion = 10.0.40219.1
Project("{FAE04EC0-301F-11D3-BF4B-00C04F79EFBC}") = "NET.S.2018.Popivnenko.11.ConsoleTest", "NET.S.2018.Popivnenko.11.ConsoleTest\NET.S.2018.Popivnenko.11.ConsoleTest.csproj", "{5A564CA7-33BB-4491-A54B-3996874C7D22}"
EndProject
Project("{FAE04EC0-301F-11D3-BF4B-00C04F79EFBC}") = "NET.S.2018.Popivnenko.11.EventTimer", "NET.S.2018.Popivnenko.11.EventTimer\NET.S.2018.Popivnenko.11.EventTimer.csproj", "{C1E76F26-1428-47E7-8348-E3D5589E5866}"
EndProject
Project("{FAE04EC0-301F-11D3-BF4B-00C04F79EFBC}") = "NET.S.2018.Popivnenko.11.TimerTestProj", "NET.S.2018.Popivnenko.11.TimerTestProj\NET.S.2018.Popivnenko.11.TimerTestProj.csproj", "{BFB38104-9354-4DDD-8A09-456270493FA2}"
EndProject
Project("{FAE04EC0-301F-11D3-BF4B-00C04F79EFBC}") = "NET.S.2018.Popivnenko.11.BinarySearch", "NET.S.2018.Popivnenko.11.BinarySearch\NET.S.2018.Popivnenko.11.BinarySearch.csproj", "{AF4CAF45-9C79-49A7-9429-0F9DAD35AB9D}"
EndProject
Project("{FAE04EC0-301F-11D3-BF4B-00C04F79EFBC}") = "NET.S.2018.Popivnenko.11.Fibonacci", "NET.S.2018.Popivnenko.11.Fibonacci\NET.S.2018.Popivnenko.11.Fibonacci.csproj", "{377B4DD1-3DFA-49B9-9C87-C8D5700014F4}"
EndProject
Global
	GlobalSection(SolutionConfigurationPlatforms) = preSolution
		Debug|Any CPU = Debug|Any CPU
		Release|Any CPU = Release|Any CPU
	EndGlobalSection
	GlobalSection(ProjectConfigurationPlatforms) = postSolution
		{5A564CA7-33BB-4491-A54B-3996874C7D22}.Debug|Any CPU.ActiveCfg = Debug|Any CPU
		{5A564CA7-33BB-4491-A54B-3996874C7D22}.Debug|Any CPU.Build.0 = Debug|Any CPU
		{5A564CA7-33BB-4491-A54B-3996874C7D22}.Release|Any CPU.ActiveCfg = Release|Any CPU
		{5A564CA7-33BB-4491-A54B-3996874C7D22}.Release|Any CPU.Build.0 = Release|Any CPU
		{C1E76F26-1428-47E7-8348-E3D5589E5866}.Debug|Any CPU.ActiveCfg = Debug|Any CPU
		{C1E76F26-1428-47E7-8348-E3D5589E5866}.Debug|Any CPU.Build.0 = Debug|Any CPU
		{C1E76F26-1428-47E7-8348-E3D5589E5866}.Release|Any CPU.ActiveCfg = Release|Any CPU
		{C1E76F26-1428-47E7-8348-E3D5589E5866}.Release|Any CPU.Build.0 = Release|Any CPU
		{BFB38104-9354-4DDD-8A09-456270493FA2}.Debug|Any CPU.ActiveCfg = Debug|Any CPU
		{BFB38104-9354-4DDD-8A09-456270493FA2}.Debug|Any CPU.Build.0 = Debug|Any CPU
		{BFB38104-9354-4DDD-8A09-456270493FA2}.Release|Any CPU.ActiveCfg = Release|Any CPU
		{BFB38104-9354-4DDD-8A09-456270493FA2}.Release|Any CPU.Build.0 = Release|Any CPU
		{AF4CAF45-9C79-49A7-9429-0F9DAD35AB9D}.Debug|Any CPU.ActiveCfg = Debug|Any CPU
		{AF4CAF45-9C79-49A7-9429-0F9DAD35AB9D}.Debug|Any CPU.Build.0 = Debug|Any CPU
		{AF4CAF45-9C79-49A7-9429-0F9DAD35AB9D}.Release|Any CPU.ActiveCfg = Release|Any CPU
		{AF4CAF45-9C79-49A7-9429-0F9DAD35AB9D}.Release|Any CPU.Build.0 = Release|Any CPU
		{377B4DD1-3DFA-49B9-9C87-C8D5700014F4}.Debug|Any CPU.ActiveCfg = Debug|Any CPU
		{377B4DD1-3DFA-49B9-9C87-C8D5700014F4}.Debug|Any CPU.Build.0 = Debug|Any CPU
		{377B4DD1-3DFA-49B9-9C87-C8D5700014F4}.Release|Any CPU.ActiveCfg = Release|Any CPU
		{377B4DD1-3DFA-49B9-9C87-C8D5700014F4}.Release|Any CPU.Build.0 = Release|Any CPU
	EndGlobalSection
	GlobalSection(SolutionProperties) = preSolution
		HideSolutionNode = FALSE
	EndGlobalSection
	GlobalSection(ExtensibilityGlobals) = postSolution
		SolutionGuid = {8AAB276D-2E89-474F-81B6-DAC371916262}
	EndGlobalSection
EndGlobal
